
Microsoft Visual Studio Solution File, Format Version 12.00
# Visual Studio Version 16
VisualStudioVersion = 16.0.31515.178
MinimumVisualStudioVersion = 10.0.40219.1
Project("{FAE04EC0-301F-11D3-BF4B-00C04F79EFBC}") = "LanitaeShop.DataAccess", "LanitaeShop.DataAccess\LanitaeShop.DataAccess.csproj", "{37A3914A-B7A4-4C72-B903-D756D8521588}"
EndProject
Project("{FAE04EC0-301F-11D3-BF4B-00C04F79EFBC}") = "LanitaeShop.BusinessLogic", "LanitaeShop.BusinessLogic\LanitaeShop.BusinessLogic.csproj", "{AE4A2B88-A1DE-4D0D-8174-ED5DD8B200E3}"
EndProject
Project("{FAE04EC0-301F-11D3-BF4B-00C04F79EFBC}") = "LanitaeShop.WebAPI", "LanitaeShop.WebAPI\LanitaeShop.WebAPI.csproj", "{5CE42B25-E3D2-4FB0-8371-4057191D8A88}"
EndProject
Global
	GlobalSection(SolutionConfigurationPlatforms) = preSolution
		Debug|Any CPU = Debug|Any CPU
		Release|Any CPU = Release|Any CPU
	EndGlobalSection
	GlobalSection(ProjectConfigurationPlatforms) = postSolution
		{37A3914A-B7A4-4C72-B903-D756D8521588}.Debug|Any CPU.ActiveCfg = Debug|Any CPU
		{37A3914A-B7A4-4C72-B903-D756D8521588}.Debug|Any CPU.Build.0 = Debug|Any CPU
		{37A3914A-B7A4-4C72-B903-D756D8521588}.Release|Any CPU.ActiveCfg = Release|Any CPU
		{37A3914A-B7A4-4C72-B903-D756D8521588}.Release|Any CPU.Build.0 = Release|Any CPU
		{AE4A2B88-A1DE-4D0D-8174-ED5DD8B200E3}.Debug|Any CPU.ActiveCfg = Debug|Any CPU
		{AE4A2B88-A1DE-4D0D-8174-ED5DD8B200E3}.Debug|Any CPU.Build.0 = Debug|Any CPU
		{AE4A2B88-A1DE-4D0D-8174-ED5DD8B200E3}.Release|Any CPU.ActiveCfg = Release|Any CPU
		{AE4A2B88-A1DE-4D0D-8174-ED5DD8B200E3}.Release|Any CPU.Build.0 = Release|Any CPU
		{5CE42B25-E3D2-4FB0-8371-4057191D8A88}.Debug|Any CPU.ActiveCfg = Debug|Any CPU
		{5CE42B25-E3D2-4FB0-8371-4057191D8A88}.Debug|Any CPU.Build.0 = Debug|Any CPU
		{5CE42B25-E3D2-4FB0-8371-4057191D8A88}.Release|Any CPU.ActiveCfg = Release|Any CPU
		{5CE42B25-E3D2-4FB0-8371-4057191D8A88}.Release|Any CPU.Build.0 = Release|Any CPU
	EndGlobalSection
	GlobalSection(SolutionProperties) = preSolution
		HideSolutionNode = FALSE
	EndGlobalSection
	GlobalSection(ExtensibilityGlobals) = postSolution
		SolutionGuid = {04061ECD-4617-40B1-A2F5-16E75FD050DF}
	EndGlobalSection
EndGlobal
